// !$*UTF8*$!
{
	archiveVersion = 1;
	classes = {
	};
	objectVersion = 46;
	objects = {

/* Begin PBXBuildFile section */
		0BFB35A3575FE15DEDA6181D /* libPods-M80WebViewSaver.a in Frameworks */ = {isa = PBXBuildFile; fileRef = 353403597C3425388A619757 /* libPods-M80WebViewSaver.a */; };
		6D592EFA47D2987BC413A9AC /* libPods-M80ImageMerger.a in Frameworks */ = {isa = PBXBuildFile; fileRef = D3E3D775952E0285E8C6EFEB /* libPods-M80ImageMerger.a */; };
		E40F20101DC87D770063F4DC /* M80ImageMergeInfo.m in Sources */ = {isa = PBXBuildFile; fileRef = E40F200F1DC87D770063F4DC /* M80ImageMergeInfo.m */; };
		E412AD9F1C07F773004CC10B /* main.m in Sources */ = {isa = PBXBuildFile; fileRef = E412AD9E1C07F773004CC10B /* main.m */; };
		E412ADA21C07F773004CC10B /* AppDelegate.m in Sources */ = {isa = PBXBuildFile; fileRef = E412ADA11C07F773004CC10B /* AppDelegate.m */; };
		E412ADAA1C07F773004CC10B /* Assets.xcassets in Resources */ = {isa = PBXBuildFile; fileRef = E412ADA91C07F773004CC10B /* Assets.xcassets */; };
		E412ADBD1C080144004CC10B /* UIImage+M80.m in Sources */ = {isa = PBXBuildFile; fileRef = E412ADBC1C080144004CC10B /* UIImage+M80.m */; };
		E412ADC41C08015D004CC10B /* M80ImageFingerprint.m in Sources */ = {isa = PBXBuildFile; fileRef = E412ADBF1C08015D004CC10B /* M80ImageFingerprint.m */; };
		E412ADC51C08015D004CC10B /* M80ImageGenerator.m in Sources */ = {isa = PBXBuildFile; fileRef = E412ADC11C08015D004CC10B /* M80ImageGenerator.m */; };
		E412ADC81C080346004CC10B /* libz.tbd in Frameworks */ = {isa = PBXBuildFile; fileRef = E412ADC71C080346004CC10B /* libz.tbd */; };
		E47A67101E1C9D19009F4BDE /* M80MergeResult.m in Sources */ = {isa = PBXBuildFile; fileRef = E47A670F1E1C9D19009F4BDE /* M80MergeResult.m */; };
		E488F9001EA5FA0800510FD9 /* ActionViewController.m in Sources */ = {isa = PBXBuildFile; fileRef = E488F8FF1EA5FA0800510FD9 /* ActionViewController.m */; };
		E488F9071EA5FA0800510FD9 /* M80WebViewSaver.appex in Embed App Extensions */ = {isa = PBXBuildFile; fileRef = E488F8FC1EA5FA0800510FD9 /* M80WebViewSaver.appex */; settings = {ATTRIBUTES = (RemoveHeadersOnCopy, ); }; };
		E48FFE341DF90580009AA61A /* M80ImageViewController.m in Sources */ = {isa = PBXBuildFile; fileRef = E48FFE331DF90580009AA61A /* M80ImageViewController.m */; };
		E48FFE3B1DF9058B009AA61A /* M80RecentImageFinder.m in Sources */ = {isa = PBXBuildFile; fileRef = E48FFE371DF9058B009AA61A /* M80RecentImageFinder.m */; };
		E48FFE3C1DF9058B009AA61A /* ViewController.m in Sources */ = {isa = PBXBuildFile; fileRef = E48FFE3A1DF9058B009AA61A /* ViewController.m */; };
		E48FFE3F1DF905A8009AA61A /* M80MainInteractor.m in Sources */ = {isa = PBXBuildFile; fileRef = E48FFE3E1DF905A8009AA61A /* M80MainInteractor.m */; };
		E49998611EA73A350005CFC1 /* LaunchScreen.storyboard in Resources */ = {isa = PBXBuildFile; fileRef = E499985D1EA73A350005CFC1 /* LaunchScreen.storyboard */; };
		E49998621EA73A350005CFC1 /* Main.storyboard in Resources */ = {isa = PBXBuildFile; fileRef = E499985F1EA73A350005CFC1 /* Main.storyboard */; };
		E49998651EA73ED60005CFC1 /* MainInterface.storyboard in Resources */ = {isa = PBXBuildFile; fileRef = E49998631EA73ED60005CFC1 /* MainInterface.storyboard */; };
		E4D9C3CA1DC7239F004E7452 /* NSBundle+CTAssetsPickerController.m in Sources */ = {isa = PBXBuildFile; fileRef = E4D9C36F1DC7239F004E7452 /* NSBundle+CTAssetsPickerController.m */; };
		E4D9C3CB1DC7239F004E7452 /* NSDateFormatter+CTAssetsPickerController.m in Sources */ = {isa = PBXBuildFile; fileRef = E4D9C3711DC7239F004E7452 /* NSDateFormatter+CTAssetsPickerController.m */; };
		E4D9C3CC1DC7239F004E7452 /* NSIndexSet+CTAssetsPickerController.m in Sources */ = {isa = PBXBuildFile; fileRef = E4D9C3731DC7239F004E7452 /* NSIndexSet+CTAssetsPickerController.m */; };
		E4D9C3CD1DC7239F004E7452 /* NSNumberFormatter+CTAssetsPickerController.m in Sources */ = {isa = PBXBuildFile; fileRef = E4D9C3751DC7239F004E7452 /* NSNumberFormatter+CTAssetsPickerController.m */; };
		E4D9C3CE1DC7239F004E7452 /* PHAsset+CTAssetsPickerController.m in Sources */ = {isa = PBXBuildFile; fileRef = E4D9C3771DC7239F004E7452 /* PHAsset+CTAssetsPickerController.m */; };
		E4D9C3CF1DC7239F004E7452 /* PHAssetCollection+CTAssetsPickerController.m in Sources */ = {isa = PBXBuildFile; fileRef = E4D9C3791DC7239F004E7452 /* PHAssetCollection+CTAssetsPickerController.m */; };
		E4D9C3D01DC7239F004E7452 /* UICollectionView+CTAssetsPickerController.m in Sources */ = {isa = PBXBuildFile; fileRef = E4D9C37B1DC7239F004E7452 /* UICollectionView+CTAssetsPickerController.m */; };
		E4D9C3D11DC7239F004E7452 /* UIImage+CTAssetsPickerController.m in Sources */ = {isa = PBXBuildFile; fileRef = E4D9C37D1DC7239F004E7452 /* UIImage+CTAssetsPickerController.m */; };
		E4D9C3D21DC7239F004E7452 /* CTAssetCheckmark.m in Sources */ = {isa = PBXBuildFile; fileRef = E4D9C37F1DC7239F004E7452 /* CTAssetCheckmark.m */; };
		E4D9C3D31DC7239F004E7452 /* CTAssetCollectionViewCell.m in Sources */ = {isa = PBXBuildFile; fileRef = E4D9C3811DC7239F004E7452 /* CTAssetCollectionViewCell.m */; };
		E4D9C3D41DC7239F004E7452 /* CTAssetCollectionViewController.m in Sources */ = {isa = PBXBuildFile; fileRef = E4D9C3831DC7239F004E7452 /* CTAssetCollectionViewController.m */; };
		E4D9C3D51DC7239F004E7452 /* CTAssetItemViewController.m in Sources */ = {isa = PBXBuildFile; fileRef = E4D9C3851DC7239F004E7452 /* CTAssetItemViewController.m */; };
		E4D9C3D61DC7239F004E7452 /* CTAssetPlayButton.m in Sources */ = {isa = PBXBuildFile; fileRef = E4D9C3871DC7239F004E7452 /* CTAssetPlayButton.m */; };
		E4D9C3D71DC7239F004E7452 /* CTAssetScrollView.m in Sources */ = {isa = PBXBuildFile; fileRef = E4D9C3891DC7239F004E7452 /* CTAssetScrollView.m */; };
		E4D9C3D81DC7239F004E7452 /* CTAssetSelectionButton.m in Sources */ = {isa = PBXBuildFile; fileRef = E4D9C38B1DC7239F004E7452 /* CTAssetSelectionButton.m */; };
		E4D9C3D91DC7239F004E7452 /* CTAssetSelectionLabel.m in Sources */ = {isa = PBXBuildFile; fileRef = E4D9C38D1DC7239F004E7452 /* CTAssetSelectionLabel.m */; };
		E4D9C3DA1DC7239F004E7452 /* CTAssetsGridSelectedView.m in Sources */ = {isa = PBXBuildFile; fileRef = E4D9C38F1DC7239F004E7452 /* CTAssetsGridSelectedView.m */; };
		E4D9C3DB1DC7239F004E7452 /* CTAssetsGridView.m in Sources */ = {isa = PBXBuildFile; fileRef = E4D9C3911DC7239F004E7452 /* CTAssetsGridView.m */; };
		E4D9C3DC1DC7239F004E7452 /* CTAssetsGridViewCell.m in Sources */ = {isa = PBXBuildFile; fileRef = E4D9C3931DC7239F004E7452 /* CTAssetsGridViewCell.m */; };
		E4D9C3DD1DC7239F004E7452 /* CTAssetsGridViewController.m in Sources */ = {isa = PBXBuildFile; fileRef = E4D9C3951DC7239F004E7452 /* CTAssetsGridViewController.m */; };
		E4D9C3DE1DC7239F004E7452 /* CTAssetsGridViewFooter.m in Sources */ = {isa = PBXBuildFile; fileRef = E4D9C3971DC7239F004E7452 /* CTAssetsGridViewFooter.m */; };
		E4D9C3DF1DC7239F004E7452 /* CTAssetsGridViewLayout.m in Sources */ = {isa = PBXBuildFile; fileRef = E4D9C3991DC7239F004E7452 /* CTAssetsGridViewLayout.m */; };
		E4D9C3E01DC7239F004E7452 /* CTAssetsNavigationController.m in Sources */ = {isa = PBXBuildFile; fileRef = E4D9C39B1DC7239F004E7452 /* CTAssetsNavigationController.m */; };
		E4D9C3E11DC7239F004E7452 /* CTAssetsPageView.m in Sources */ = {isa = PBXBuildFile; fileRef = E4D9C39D1DC7239F004E7452 /* CTAssetsPageView.m */; };
		E4D9C3E21DC7239F004E7452 /* CTAssetsPageViewController.m in Sources */ = {isa = PBXBuildFile; fileRef = E4D9C39F1DC7239F004E7452 /* CTAssetsPageViewController.m */; };
		E4D9C3E31DC7239F004E7452 /* CTAssetsPickerAccessDeniedView.m in Sources */ = {isa = PBXBuildFile; fileRef = E4D9C3A11DC7239F004E7452 /* CTAssetsPickerAccessDeniedView.m */; };
		E4D9C3E41DC7239F004E7452 /* CTAssetsPickerController.bundle in Resources */ = {isa = PBXBuildFile; fileRef = E4D9C3A21DC7239F004E7452 /* CTAssetsPickerController.bundle */; };
		E4D9C3E51DC7239F004E7452 /* CTAssetsPickerController.m in Sources */ = {isa = PBXBuildFile; fileRef = E4D9C3A41DC7239F004E7452 /* CTAssetsPickerController.m */; };
		E4D9C3E61DC7239F004E7452 /* CTAssetsPickerNoAssetsView.m in Sources */ = {isa = PBXBuildFile; fileRef = E4D9C3A71DC7239F004E7452 /* CTAssetsPickerNoAssetsView.m */; };
		E4D9C3E71DC7239F004E7452 /* CTAssetsViewControllerTransition.m in Sources */ = {isa = PBXBuildFile; fileRef = E4D9C3A91DC7239F004E7452 /* CTAssetsViewControllerTransition.m */; };
		E4D9C3E81DC7239F004E7452 /* CTAssetThumbnailOverlay.m in Sources */ = {isa = PBXBuildFile; fileRef = E4D9C3AB1DC7239F004E7452 /* CTAssetThumbnailOverlay.m */; };
		E4D9C3E91DC7239F004E7452 /* CTAssetThumbnailStacks.m in Sources */ = {isa = PBXBuildFile; fileRef = E4D9C3AD1DC7239F004E7452 /* CTAssetThumbnailStacks.m */; };
		E4D9C3EA1DC7239F004E7452 /* CTAssetThumbnailView.m in Sources */ = {isa = PBXBuildFile; fileRef = E4D9C3AF1DC7239F004E7452 /* CTAssetThumbnailView.m */; };
/* End PBXBuildFile section */

/* Begin PBXContainerItemProxy section */
		E488F9051EA5FA0800510FD9 /* PBXContainerItemProxy */ = {
			isa = PBXContainerItemProxy;
			containerPortal = E412AD921C07F773004CC10B /* Project object */;
			proxyType = 1;
			remoteGlobalIDString = E488F8FB1EA5FA0800510FD9;
			remoteInfo = M80WebViewSaver;
		};
/* End PBXContainerItemProxy section */

/* Begin PBXCopyFilesBuildPhase section */
		E488F90B1EA5FA0800510FD9 /* Embed App Extensions */ = {
			isa = PBXCopyFilesBuildPhase;
			buildActionMask = 2147483647;
			dstPath = "";
			dstSubfolderSpec = 13;
			files = (
				E488F9071EA5FA0800510FD9 /* M80WebViewSaver.appex in Embed App Extensions */,
			);
			name = "Embed App Extensions";
			runOnlyForDeploymentPostprocessing = 0;
		};
/* End PBXCopyFilesBuildPhase section */

/* Begin PBXFileReference section */
		217C5321FAFEABD39CBCC97D /* Pods-M80WebViewSaver.release.xcconfig */ = {isa = PBXFileReference; includeInIndex = 1; lastKnownFileType = text.xcconfig; name = "Pods-M80WebViewSaver.release.xcconfig"; path = "Pods/Target Support Files/Pods-M80WebViewSaver/Pods-M80WebViewSaver.release.xcconfig"; sourceTree = "<group>"; };
		353403597C3425388A619757 /* libPods-M80WebViewSaver.a */ = {isa = PBXFileReference; explicitFileType = archive.ar; includeInIndex = 0; path = "libPods-M80WebViewSaver.a"; sourceTree = BUILT_PRODUCTS_DIR; };
		414EF75E954CCD25DEDAA5B5 /* Pods-M80ImageMerger.debug.xcconfig */ = {isa = PBXFileReference; includeInIndex = 1; lastKnownFileType = text.xcconfig; name = "Pods-M80ImageMerger.debug.xcconfig"; path = "Pods/Target Support Files/Pods-M80ImageMerger/Pods-M80ImageMerger.debug.xcconfig"; sourceTree = "<group>"; };
		7847E6243D2B9D02BCF6D321 /* Pods-M80WebViewSaver.debug.xcconfig */ = {isa = PBXFileReference; includeInIndex = 1; lastKnownFileType = text.xcconfig; name = "Pods-M80WebViewSaver.debug.xcconfig"; path = "Pods/Target Support Files/Pods-M80WebViewSaver/Pods-M80WebViewSaver.debug.xcconfig"; sourceTree = "<group>"; };
		B0D108C5A7CA2D9971D7C086 /* Pods-M80ImageMerger.release.xcconfig */ = {isa = PBXFileReference; includeInIndex = 1; lastKnownFileType = text.xcconfig; name = "Pods-M80ImageMerger.release.xcconfig"; path = "Pods/Target Support Files/Pods-M80ImageMerger/Pods-M80ImageMerger.release.xcconfig"; sourceTree = "<group>"; };
		D3E3D775952E0285E8C6EFEB /* libPods-M80ImageMerger.a */ = {isa = PBXFileReference; explicitFileType = archive.ar; includeInIndex = 0; path = "libPods-M80ImageMerger.a"; sourceTree = BUILT_PRODUCTS_DIR; };
		E40F200F1DC87D770063F4DC /* M80ImageMergeInfo.m */ = {isa = PBXFileReference; fileEncoding = 4; lastKnownFileType = sourcecode.c.objc; path = M80ImageMergeInfo.m; sourceTree = "<group>"; };
		E412AD9A1C07F773004CC10B /* M80ImageMerger.app */ = {isa = PBXFileReference; explicitFileType = wrapper.application; includeInIndex = 0; path = M80ImageMerger.app; sourceTree = BUILT_PRODUCTS_DIR; };
		E412AD9E1C07F773004CC10B /* main.m */ = {isa = PBXFileReference; lastKnownFileType = sourcecode.c.objc; path = main.m; sourceTree = "<group>"; };
		E412ADA01C07F773004CC10B /* AppDelegate.h */ = {isa = PBXFileReference; lastKnownFileType = sourcecode.c.h; path = AppDelegate.h; sourceTree = "<group>"; };
		E412ADA11C07F773004CC10B /* AppDelegate.m */ = {isa = PBXFileReference; lastKnownFileType = sourcecode.c.objc; path = AppDelegate.m; sourceTree = "<group>"; };
		E412ADA91C07F773004CC10B /* Assets.xcassets */ = {isa = PBXFileReference; lastKnownFileType = folder.assetcatalog; path = Assets.xcassets; sourceTree = "<group>"; };
		E412ADAE1C07F773004CC10B /* Info.plist */ = {isa = PBXFileReference; lastKnownFileType = text.plist.xml; path = Info.plist; sourceTree = "<group>"; };
		E412ADBB1C080144004CC10B /* UIImage+M80.h */ = {isa = PBXFileReference; fileEncoding = 4; lastKnownFileType = sourcecode.c.h; path = "UIImage+M80.h"; sourceTree = "<group>"; };
		E412ADBC1C080144004CC10B /* UIImage+M80.m */ = {isa = PBXFileReference; fileEncoding = 4; lastKnownFileType = sourcecode.c.objc; path = "UIImage+M80.m"; sourceTree = "<group>"; };
		E412ADBE1C08015D004CC10B /* M80ImageFingerprint.h */ = {isa = PBXFileReference; fileEncoding = 4; lastKnownFileType = sourcecode.c.h; path = M80ImageFingerprint.h; sourceTree = "<group>"; };
		E412ADBF1C08015D004CC10B /* M80ImageFingerprint.m */ = {isa = PBXFileReference; fileEncoding = 4; lastKnownFileType = sourcecode.c.objc; path = M80ImageFingerprint.m; sourceTree = "<group>"; };
		E412ADC01C08015D004CC10B /* M80ImageGenerator.h */ = {isa = PBXFileReference; fileEncoding = 4; lastKnownFileType = sourcecode.c.h; path = M80ImageGenerator.h; sourceTree = "<group>"; };
		E412ADC11C08015D004CC10B /* M80ImageGenerator.m */ = {isa = PBXFileReference; fileEncoding = 4; lastKnownFileType = sourcecode.c.objc; path = M80ImageGenerator.m; sourceTree = "<group>"; };
		E412ADC21C08015D004CC10B /* M80ImageMergeInfo.h */ = {isa = PBXFileReference; fileEncoding = 4; lastKnownFileType = sourcecode.c.h; path = M80ImageMergeInfo.h; sourceTree = "<group>"; };
		E412ADC71C080346004CC10B /* libz.tbd */ = {isa = PBXFileReference; lastKnownFileType = "sourcecode.text-based-dylib-definition"; name = libz.tbd; path = usr/lib/libz.tbd; sourceTree = SDKROOT; };
		E47A670E1E1C9D19009F4BDE /* M80MergeResult.h */ = {isa = PBXFileReference; fileEncoding = 4; lastKnownFileType = sourcecode.c.h; path = M80MergeResult.h; sourceTree = "<group>"; };
		E47A670F1E1C9D19009F4BDE /* M80MergeResult.m */ = {isa = PBXFileReference; fileEncoding = 4; lastKnownFileType = sourcecode.c.objc; path = M80MergeResult.m; sourceTree = "<group>"; };
		E488F8FC1EA5FA0800510FD9 /* M80WebViewSaver.appex */ = {isa = PBXFileReference; explicitFileType = "wrapper.app-extension"; includeInIndex = 0; path = M80WebViewSaver.appex; sourceTree = BUILT_PRODUCTS_DIR; };
		E488F8FE1EA5FA0800510FD9 /* ActionViewController.h */ = {isa = PBXFileReference; lastKnownFileType = sourcecode.c.h; path = ActionViewController.h; sourceTree = "<group>"; };
		E488F8FF1EA5FA0800510FD9 /* ActionViewController.m */ = {isa = PBXFileReference; lastKnownFileType = sourcecode.c.objc; path = ActionViewController.m; sourceTree = "<group>"; };
		E488F9041EA5FA0800510FD9 /* Info.plist */ = {isa = PBXFileReference; lastKnownFileType = text.plist.xml; path = Info.plist; sourceTree = "<group>"; };
		E48FFE321DF90580009AA61A /* M80ImageViewController.h */ = {isa = PBXFileReference; fileEncoding = 4; lastKnownFileType = sourcecode.c.h; path = M80ImageViewController.h; sourceTree = "<group>"; };
		E48FFE331DF90580009AA61A /* M80ImageViewController.m */ = {isa = PBXFileReference; fileEncoding = 4; lastKnownFileType = sourcecode.c.objc; path = M80ImageViewController.m; sourceTree = "<group>"; };
		E48FFE361DF9058B009AA61A /* M80RecentImageFinder.h */ = {isa = PBXFileReference; fileEncoding = 4; lastKnownFileType = sourcecode.c.h; path = M80RecentImageFinder.h; sourceTree = "<group>"; };
		E48FFE371DF9058B009AA61A /* M80RecentImageFinder.m */ = {isa = PBXFileReference; fileEncoding = 4; lastKnownFileType = sourcecode.c.objc; path = M80RecentImageFinder.m; sourceTree = "<group>"; };
		E48FFE391DF9058B009AA61A /* ViewController.h */ = {isa = PBXFileReference; fileEncoding = 4; lastKnownFileType = sourcecode.c.h; path = ViewController.h; sourceTree = "<group>"; };
		E48FFE3A1DF9058B009AA61A /* ViewController.m */ = {isa = PBXFileReference; fileEncoding = 4; lastKnownFileType = sourcecode.c.objc; path = ViewController.m; sourceTree = "<group>"; };
		E48FFE3D1DF905A8009AA61A /* M80MainInteractor.h */ = {isa = PBXFileReference; fileEncoding = 4; lastKnownFileType = sourcecode.c.h; path = M80MainInteractor.h; sourceTree = "<group>"; };
		E48FFE3E1DF905A8009AA61A /* M80MainInteractor.m */ = {isa = PBXFileReference; fileEncoding = 4; lastKnownFileType = sourcecode.c.objc; path = M80MainInteractor.m; sourceTree = "<group>"; };
		E499985E1EA73A350005CFC1 /* Base */ = {isa = PBXFileReference; lastKnownFileType = file.storyboard; name = Base; path = Base.lproj/LaunchScreen.storyboard; sourceTree = "<group>"; };
		E49998601EA73A350005CFC1 /* Base */ = {isa = PBXFileReference; lastKnownFileType = file.storyboard; name = Base; path = Base.lproj/Main.storyboard; sourceTree = "<group>"; };
		E49998641EA73ED60005CFC1 /* Base */ = {isa = PBXFileReference; lastKnownFileType = file.storyboard; name = Base; path = Base.lproj/MainInterface.storyboard; sourceTree = "<group>"; };
		E4D9C36C1DC7239F004E7452 /* CTAssetsPageViewController+Internal.h */ = {isa = PBXFileReference; fileEncoding = 4; lastKnownFileType = sourcecode.c.h; path = "CTAssetsPageViewController+Internal.h"; sourceTree = "<group>"; };
		E4D9C36D1DC7239F004E7452 /* CTAssetsPickerController+Internal.h */ = {isa = PBXFileReference; fileEncoding = 4; lastKnownFileType = sourcecode.c.h; path = "CTAssetsPickerController+Internal.h"; sourceTree = "<group>"; };
		E4D9C36E1DC7239F004E7452 /* NSBundle+CTAssetsPickerController.h */ = {isa = PBXFileReference; fileEncoding = 4; lastKnownFileType = sourcecode.c.h; path = "NSBundle+CTAssetsPickerController.h"; sourceTree = "<group>"; };
		E4D9C36F1DC7239F004E7452 /* NSBundle+CTAssetsPickerController.m */ = {isa = PBXFileReference; fileEncoding = 4; lastKnownFileType = sourcecode.c.objc; path = "NSBundle+CTAssetsPickerController.m"; sourceTree = "<group>"; };
		E4D9C3701DC7239F004E7452 /* NSDateFormatter+CTAssetsPickerController.h */ = {isa = PBXFileReference; fileEncoding = 4; lastKnownFileType = sourcecode.c.h; path = "NSDateFormatter+CTAssetsPickerController.h"; sourceTree = "<group>"; };
		E4D9C3711DC7239F004E7452 /* NSDateFormatter+CTAssetsPickerController.m */ = {isa = PBXFileReference; fileEncoding = 4; lastKnownFileType = sourcecode.c.objc; path = "NSDateFormatter+CTAssetsPickerController.m"; sourceTree = "<group>"; };
		E4D9C3721DC7239F004E7452 /* NSIndexSet+CTAssetsPickerController.h */ = {isa = PBXFileReference; fileEncoding = 4; lastKnownFileType = sourcecode.c.h; path = "NSIndexSet+CTAssetsPickerController.h"; sourceTree = "<group>"; };
		E4D9C3731DC7239F004E7452 /* NSIndexSet+CTAssetsPickerController.m */ = {isa = PBXFileReference; fileEncoding = 4; lastKnownFileType = sourcecode.c.objc; path = "NSIndexSet+CTAssetsPickerController.m"; sourceTree = "<group>"; };
		E4D9C3741DC7239F004E7452 /* NSNumberFormatter+CTAssetsPickerController.h */ = {isa = PBXFileReference; fileEncoding = 4; lastKnownFileType = sourcecode.c.h; path = "NSNumberFormatter+CTAssetsPickerController.h"; sourceTree = "<group>"; };
		E4D9C3751DC7239F004E7452 /* NSNumberFormatter+CTAssetsPickerController.m */ = {isa = PBXFileReference; fileEncoding = 4; lastKnownFileType = sourcecode.c.objc; path = "NSNumberFormatter+CTAssetsPickerController.m"; sourceTree = "<group>"; };
		E4D9C3761DC7239F004E7452 /* PHAsset+CTAssetsPickerController.h */ = {isa = PBXFileReference; fileEncoding = 4; lastKnownFileType = sourcecode.c.h; path = "PHAsset+CTAssetsPickerController.h"; sourceTree = "<group>"; };
		E4D9C3771DC7239F004E7452 /* PHAsset+CTAssetsPickerController.m */ = {isa = PBXFileReference; fileEncoding = 4; lastKnownFileType = sourcecode.c.objc; path = "PHAsset+CTAssetsPickerController.m"; sourceTree = "<group>"; };
		E4D9C3781DC7239F004E7452 /* PHAssetCollection+CTAssetsPickerController.h */ = {isa = PBXFileReference; fileEncoding = 4; lastKnownFileType = sourcecode.c.h; path = "PHAssetCollection+CTAssetsPickerController.h"; sourceTree = "<group>"; };
		E4D9C3791DC7239F004E7452 /* PHAssetCollection+CTAssetsPickerController.m */ = {isa = PBXFileReference; fileEncoding = 4; lastKnownFileType = sourcecode.c.objc; path = "PHAssetCollection+CTAssetsPickerController.m"; sourceTree = "<group>"; };
		E4D9C37A1DC7239F004E7452 /* UICollectionView+CTAssetsPickerController.h */ = {isa = PBXFileReference; fileEncoding = 4; lastKnownFileType = sourcecode.c.h; path = "UICollectionView+CTAssetsPickerController.h"; sourceTree = "<group>"; };
		E4D9C37B1DC7239F004E7452 /* UICollectionView+CTAssetsPickerController.m */ = {isa = PBXFileReference; fileEncoding = 4; lastKnownFileType = sourcecode.c.objc; path = "UICollectionView+CTAssetsPickerController.m"; sourceTree = "<group>"; };
		E4D9C37C1DC7239F004E7452 /* UIImage+CTAssetsPickerController.h */ = {isa = PBXFileReference; fileEncoding = 4; lastKnownFileType = sourcecode.c.h; path = "UIImage+CTAssetsPickerController.h"; sourceTree = "<group>"; };
		E4D9C37D1DC7239F004E7452 /* UIImage+CTAssetsPickerController.m */ = {isa = PBXFileReference; fileEncoding = 4; lastKnownFileType = sourcecode.c.objc; path = "UIImage+CTAssetsPickerController.m"; sourceTree = "<group>"; };
		E4D9C37E1DC7239F004E7452 /* CTAssetCheckmark.h */ = {isa = PBXFileReference; fileEncoding = 4; lastKnownFileType = sourcecode.c.h; path = CTAssetCheckmark.h; sourceTree = "<group>"; };
		E4D9C37F1DC7239F004E7452 /* CTAssetCheckmark.m */ = {isa = PBXFileReference; fileEncoding = 4; lastKnownFileType = sourcecode.c.objc; path = CTAssetCheckmark.m; sourceTree = "<group>"; };
		E4D9C3801DC7239F004E7452 /* CTAssetCollectionViewCell.h */ = {isa = PBXFileReference; fileEncoding = 4; lastKnownFileType = sourcecode.c.h; path = CTAssetCollectionViewCell.h; sourceTree = "<group>"; };
		E4D9C3811DC7239F004E7452 /* CTAssetCollectionViewCell.m */ = {isa = PBXFileReference; fileEncoding = 4; lastKnownFileType = sourcecode.c.objc; path = CTAssetCollectionViewCell.m; sourceTree = "<group>"; };
		E4D9C3821DC7239F004E7452 /* CTAssetCollectionViewController.h */ = {isa = PBXFileReference; fileEncoding = 4; lastKnownFileType = sourcecode.c.h; path = CTAssetCollectionViewController.h; sourceTree = "<group>"; };
		E4D9C3831DC7239F004E7452 /* CTAssetCollectionViewController.m */ = {isa = PBXFileReference; fileEncoding = 4; lastKnownFileType = sourcecode.c.objc; path = CTAssetCollectionViewController.m; sourceTree = "<group>"; };
		E4D9C3841DC7239F004E7452 /* CTAssetItemViewController.h */ = {isa = PBXFileReference; fileEncoding = 4; lastKnownFileType = sourcecode.c.h; path = CTAssetItemViewController.h; sourceTree = "<group>"; };
		E4D9C3851DC7239F004E7452 /* CTAssetItemViewController.m */ = {isa = PBXFileReference; fileEncoding = 4; lastKnownFileType = sourcecode.c.objc; path = CTAssetItemViewController.m; sourceTree = "<group>"; };
		E4D9C3861DC7239F004E7452 /* CTAssetPlayButton.h */ = {isa = PBXFileReference; fileEncoding = 4; lastKnownFileType = sourcecode.c.h; path = CTAssetPlayButton.h; sourceTree = "<group>"; };
		E4D9C3871DC7239F004E7452 /* CTAssetPlayButton.m */ = {isa = PBXFileReference; fileEncoding = 4; lastKnownFileType = sourcecode.c.objc; path = CTAssetPlayButton.m; sourceTree = "<group>"; };
		E4D9C3881DC7239F004E7452 /* CTAssetScrollView.h */ = {isa = PBXFileReference; fileEncoding = 4; lastKnownFileType = sourcecode.c.h; path = CTAssetScrollView.h; sourceTree = "<group>"; };
		E4D9C3891DC7239F004E7452 /* CTAssetScrollView.m */ = {isa = PBXFileReference; fileEncoding = 4; lastKnownFileType = sourcecode.c.objc; path = CTAssetScrollView.m; sourceTree = "<group>"; };
		E4D9C38A1DC7239F004E7452 /* CTAssetSelectionButton.h */ = {isa = PBXFileReference; fileEncoding = 4; lastKnownFileType = sourcecode.c.h; path = CTAssetSelectionButton.h; sourceTree = "<group>"; };
		E4D9C38B1DC7239F004E7452 /* CTAssetSelectionButton.m */ = {isa = PBXFileReference; fileEncoding = 4; lastKnownFileType = sourcecode.c.objc; path = CTAssetSelectionButton.m; sourceTree = "<group>"; };
		E4D9C38C1DC7239F004E7452 /* CTAssetSelectionLabel.h */ = {isa = PBXFileReference; fileEncoding = 4; lastKnownFileType = sourcecode.c.h; path = CTAssetSelectionLabel.h; sourceTree = "<group>"; };
		E4D9C38D1DC7239F004E7452 /* CTAssetSelectionLabel.m */ = {isa = PBXFileReference; fileEncoding = 4; lastKnownFileType = sourcecode.c.objc; path = CTAssetSelectionLabel.m; sourceTree = "<group>"; };
		E4D9C38E1DC7239F004E7452 /* CTAssetsGridSelectedView.h */ = {isa = PBXFileReference; fileEncoding = 4; lastKnownFileType = sourcecode.c.h; path = CTAssetsGridSelectedView.h; sourceTree = "<group>"; };
		E4D9C38F1DC7239F004E7452 /* CTAssetsGridSelectedView.m */ = {isa = PBXFileReference; fileEncoding = 4; lastKnownFileType = sourcecode.c.objc; path = CTAssetsGridSelectedView.m; sourceTree = "<group>"; };
		E4D9C3901DC7239F004E7452 /* CTAssetsGridView.h */ = {isa = PBXFileReference; fileEncoding = 4; lastKnownFileType = sourcecode.c.h; path = CTAssetsGridView.h; sourceTree = "<group>"; };
		E4D9C3911DC7239F004E7452 /* CTAssetsGridView.m */ = {isa = PBXFileReference; fileEncoding = 4; lastKnownFileType = sourcecode.c.objc; path = CTAssetsGridView.m; sourceTree = "<group>"; };
		E4D9C3921DC7239F004E7452 /* CTAssetsGridViewCell.h */ = {isa = PBXFileReference; fileEncoding = 4; lastKnownFileType = sourcecode.c.h; path = CTAssetsGridViewCell.h; sourceTree = "<group>"; };
		E4D9C3931DC7239F004E7452 /* CTAssetsGridViewCell.m */ = {isa = PBXFileReference; fileEncoding = 4; lastKnownFileType = sourcecode.c.objc; path = CTAssetsGridViewCell.m; sourceTree = "<group>"; };
		E4D9C3941DC7239F004E7452 /* CTAssetsGridViewController.h */ = {isa = PBXFileReference; fileEncoding = 4; lastKnownFileType = sourcecode.c.h; path = CTAssetsGridViewController.h; sourceTree = "<group>"; };
		E4D9C3951DC7239F004E7452 /* CTAssetsGridViewController.m */ = {isa = PBXFileReference; fileEncoding = 4; lastKnownFileType = sourcecode.c.objc; path = CTAssetsGridViewController.m; sourceTree = "<group>"; };
		E4D9C3961DC7239F004E7452 /* CTAssetsGridViewFooter.h */ = {isa = PBXFileReference; fileEncoding = 4; lastKnownFileType = sourcecode.c.h; path = CTAssetsGridViewFooter.h; sourceTree = "<group>"; };
		E4D9C3971DC7239F004E7452 /* CTAssetsGridViewFooter.m */ = {isa = PBXFileReference; fileEncoding = 4; lastKnownFileType = sourcecode.c.objc; path = CTAssetsGridViewFooter.m; sourceTree = "<group>"; };
		E4D9C3981DC7239F004E7452 /* CTAssetsGridViewLayout.h */ = {isa = PBXFileReference; fileEncoding = 4; lastKnownFileType = sourcecode.c.h; path = CTAssetsGridViewLayout.h; sourceTree = "<group>"; };
		E4D9C3991DC7239F004E7452 /* CTAssetsGridViewLayout.m */ = {isa = PBXFileReference; fileEncoding = 4; lastKnownFileType = sourcecode.c.objc; path = CTAssetsGridViewLayout.m; sourceTree = "<group>"; };
		E4D9C39A1DC7239F004E7452 /* CTAssetsNavigationController.h */ = {isa = PBXFileReference; fileEncoding = 4; lastKnownFileType = sourcecode.c.h; path = CTAssetsNavigationController.h; sourceTree = "<group>"; };
		E4D9C39B1DC7239F004E7452 /* CTAssetsNavigationController.m */ = {isa = PBXFileReference; fileEncoding = 4; lastKnownFileType = sourcecode.c.objc; path = CTAssetsNavigationController.m; sourceTree = "<group>"; };
		E4D9C39C1DC7239F004E7452 /* CTAssetsPageView.h */ = {isa = PBXFileReference; fileEncoding = 4; lastKnownFileType = sourcecode.c.h; path = CTAssetsPageView.h; sourceTree = "<group>"; };
		E4D9C39D1DC7239F004E7452 /* CTAssetsPageView.m */ = {isa = PBXFileReference; fileEncoding = 4; lastKnownFileType = sourcecode.c.objc; path = CTAssetsPageView.m; sourceTree = "<group>"; };
		E4D9C39E1DC7239F004E7452 /* CTAssetsPageViewController.h */ = {isa = PBXFileReference; fileEncoding = 4; lastKnownFileType = sourcecode.c.h; path = CTAssetsPageViewController.h; sourceTree = "<group>"; };
		E4D9C39F1DC7239F004E7452 /* CTAssetsPageViewController.m */ = {isa = PBXFileReference; fileEncoding = 4; lastKnownFileType = sourcecode.c.objc; path = CTAssetsPageViewController.m; sourceTree = "<group>"; };
		E4D9C3A01DC7239F004E7452 /* CTAssetsPickerAccessDeniedView.h */ = {isa = PBXFileReference; fileEncoding = 4; lastKnownFileType = sourcecode.c.h; path = CTAssetsPickerAccessDeniedView.h; sourceTree = "<group>"; };
		E4D9C3A11DC7239F004E7452 /* CTAssetsPickerAccessDeniedView.m */ = {isa = PBXFileReference; fileEncoding = 4; lastKnownFileType = sourcecode.c.objc; path = CTAssetsPickerAccessDeniedView.m; sourceTree = "<group>"; };
		E4D9C3A21DC7239F004E7452 /* CTAssetsPickerController.bundle */ = {isa = PBXFileReference; lastKnownFileType = "wrapper.plug-in"; path = CTAssetsPickerController.bundle; sourceTree = "<group>"; };
		E4D9C3A31DC7239F004E7452 /* CTAssetsPickerController.h */ = {isa = PBXFileReference; fileEncoding = 4; lastKnownFileType = sourcecode.c.h; path = CTAssetsPickerController.h; sourceTree = "<group>"; };
		E4D9C3A41DC7239F004E7452 /* CTAssetsPickerController.m */ = {isa = PBXFileReference; fileEncoding = 4; lastKnownFileType = sourcecode.c.objc; path = CTAssetsPickerController.m; sourceTree = "<group>"; };
		E4D9C3A51DC7239F004E7452 /* CTAssetsPickerDefines.h */ = {isa = PBXFileReference; fileEncoding = 4; lastKnownFileType = sourcecode.c.h; path = CTAssetsPickerDefines.h; sourceTree = "<group>"; };
		E4D9C3A61DC7239F004E7452 /* CTAssetsPickerNoAssetsView.h */ = {isa = PBXFileReference; fileEncoding = 4; lastKnownFileType = sourcecode.c.h; path = CTAssetsPickerNoAssetsView.h; sourceTree = "<group>"; };
		E4D9C3A71DC7239F004E7452 /* CTAssetsPickerNoAssetsView.m */ = {isa = PBXFileReference; fileEncoding = 4; lastKnownFileType = sourcecode.c.objc; path = CTAssetsPickerNoAssetsView.m; sourceTree = "<group>"; };
		E4D9C3A81DC7239F004E7452 /* CTAssetsViewControllerTransition.h */ = {isa = PBXFileReference; fileEncoding = 4; lastKnownFileType = sourcecode.c.h; path = CTAssetsViewControllerTransition.h; sourceTree = "<group>"; };
		E4D9C3A91DC7239F004E7452 /* CTAssetsViewControllerTransition.m */ = {isa = PBXFileReference; fileEncoding = 4; lastKnownFileType = sourcecode.c.objc; path = CTAssetsViewControllerTransition.m; sourceTree = "<group>"; };
		E4D9C3AA1DC7239F004E7452 /* CTAssetThumbnailOverlay.h */ = {isa = PBXFileReference; fileEncoding = 4; lastKnownFileType = sourcecode.c.h; path = CTAssetThumbnailOverlay.h; sourceTree = "<group>"; };
		E4D9C3AB1DC7239F004E7452 /* CTAssetThumbnailOverlay.m */ = {isa = PBXFileReference; fileEncoding = 4; lastKnownFileType = sourcecode.c.objc; path = CTAssetThumbnailOverlay.m; sourceTree = "<group>"; };
		E4D9C3AC1DC7239F004E7452 /* CTAssetThumbnailStacks.h */ = {isa = PBXFileReference; fileEncoding = 4; lastKnownFileType = sourcecode.c.h; path = CTAssetThumbnailStacks.h; sourceTree = "<group>"; };
		E4D9C3AD1DC7239F004E7452 /* CTAssetThumbnailStacks.m */ = {isa = PBXFileReference; fileEncoding = 4; lastKnownFileType = sourcecode.c.objc; path = CTAssetThumbnailStacks.m; sourceTree = "<group>"; };
		E4D9C3AE1DC7239F004E7452 /* CTAssetThumbnailView.h */ = {isa = PBXFileReference; fileEncoding = 4; lastKnownFileType = sourcecode.c.h; path = CTAssetThumbnailView.h; sourceTree = "<group>"; };
		E4D9C3AF1DC7239F004E7452 /* CTAssetThumbnailView.m */ = {isa = PBXFileReference; fileEncoding = 4; lastKnownFileType = sourcecode.c.objc; path = CTAssetThumbnailView.m; sourceTree = "<group>"; };
/* End PBXFileReference section */

/* Begin PBXFrameworksBuildPhase section */
		E412AD971C07F773004CC10B /* Frameworks */ = {
			isa = PBXFrameworksBuildPhase;
			buildActionMask = 2147483647;
			files = (
				E412ADC81C080346004CC10B /* libz.tbd in Frameworks */,
				6D592EFA47D2987BC413A9AC /* libPods-M80ImageMerger.a in Frameworks */,
			);
			runOnlyForDeploymentPostprocessing = 0;
		};
		E488F8F91EA5FA0800510FD9 /* Frameworks */ = {
			isa = PBXFrameworksBuildPhase;
			buildActionMask = 2147483647;
			files = (
				0BFB35A3575FE15DEDA6181D /* libPods-M80WebViewSaver.a in Frameworks */,
			);
			runOnlyForDeploymentPostprocessing = 0;
		};
/* End PBXFrameworksBuildPhase section */

/* Begin PBXGroup section */
		42925B1628401C5D35BEBCC2 /* Frameworks */ = {
			isa = PBXGroup;
			children = (
				E412ADC71C080346004CC10B /* libz.tbd */,
				D3E3D775952E0285E8C6EFEB /* libPods-M80ImageMerger.a */,
				353403597C3425388A619757 /* libPods-M80WebViewSaver.a */,
			);
			name = Frameworks;
			sourceTree = "<group>";
		};
		E412AD911C07F773004CC10B = {
			isa = PBXGroup;
			children = (
				E412AD9C1C07F773004CC10B /* M80ImageMerger */,
				E488F8FD1EA5FA0800510FD9 /* M80WebViewSaver */,
				E412AD9B1C07F773004CC10B /* Products */,
				42925B1628401C5D35BEBCC2 /* Frameworks */,
				F99E391C4AE4E7DDCEFE38AC /* Pods */,
			);
			sourceTree = "<group>";
		};
		E412AD9B1C07F773004CC10B /* Products */ = {
			isa = PBXGroup;
			children = (
				E412AD9A1C07F773004CC10B /* M80ImageMerger.app */,
				E488F8FC1EA5FA0800510FD9 /* M80WebViewSaver.appex */,
			);
			name = Products;
			sourceTree = "<group>";
		};
		E412AD9C1C07F773004CC10B /* M80ImageMerger */ = {
			isa = PBXGroup;
			children = (
				E4D9C3691DC7239F004E7452 /* Vendor */,
				E412ADB41C07FB7B004CC10B /* Classes */,
				E412ADA01C07F773004CC10B /* AppDelegate.h */,
				E412ADA11C07F773004CC10B /* AppDelegate.m */,
				E412ADA91C07F773004CC10B /* Assets.xcassets */,
				E412ADAE1C07F773004CC10B /* Info.plist */,
				E412AD9D1C07F773004CC10B /* Supporting Files */,
			);
			path = M80ImageMerger;
			sourceTree = "<group>";
		};
		E412AD9D1C07F773004CC10B /* Supporting Files */ = {
			isa = PBXGroup;
			children = (
				E499985D1EA73A350005CFC1 /* LaunchScreen.storyboard */,
				E499985F1EA73A350005CFC1 /* Main.storyboard */,
				E412AD9E1C07F773004CC10B /* main.m */,
			);
			name = "Supporting Files";
			sourceTree = "<group>";
		};
		E412ADB41C07FB7B004CC10B /* Classes */ = {
			isa = PBXGroup;
			children = (
				E48FFE2E1DF904F2009AA61A /* Sections */,
				E412ADB51C07FB7B004CC10B /* Algorithm */,
				E412ADB61C07FB7B004CC10B /* Util */,
			);
			path = Classes;
			sourceTree = "<group>";
		};
		E412ADB51C07FB7B004CC10B /* Algorithm */ = {
			isa = PBXGroup;
			children = (
				E412ADBE1C08015D004CC10B /* M80ImageFingerprint.h */,
				E412ADBF1C08015D004CC10B /* M80ImageFingerprint.m */,
				E412ADC01C08015D004CC10B /* M80ImageGenerator.h */,
				E412ADC11C08015D004CC10B /* M80ImageGenerator.m */,
				E412ADC21C08015D004CC10B /* M80ImageMergeInfo.h */,
				E40F200F1DC87D770063F4DC /* M80ImageMergeInfo.m */,
			);
			path = Algorithm;
			sourceTree = "<group>";
		};
		E412ADB61C07FB7B004CC10B /* Util */ = {
			isa = PBXGroup;
			children = (
				E412ADBB1C080144004CC10B /* UIImage+M80.h */,
				E412ADBC1C080144004CC10B /* UIImage+M80.m */,
			);
			path = Util;
			sourceTree = "<group>";
		};
		E47A670D1E1C9CE2009F4BDE /* Entity */ = {
			isa = PBXGroup;
			children = (
				E47A670E1E1C9D19009F4BDE /* M80MergeResult.h */,
				E47A670F1E1C9D19009F4BDE /* M80MergeResult.m */,
			);
			path = Entity;
			sourceTree = "<group>";
		};
		E488F8FD1EA5FA0800510FD9 /* M80WebViewSaver */ = {
			isa = PBXGroup;
			children = (
				E49998631EA73ED60005CFC1 /* MainInterface.storyboard */,
				E488F8FE1EA5FA0800510FD9 /* ActionViewController.h */,
				E488F8FF1EA5FA0800510FD9 /* ActionViewController.m */,
				E488F9041EA5FA0800510FD9 /* Info.plist */,
			);
			path = M80WebViewSaver;
			sourceTree = "<group>";
		};
		E48FFE2E1DF904F2009AA61A /* Sections */ = {
			isa = PBXGroup;
			children = (
				E48FFE2F1DF904F2009AA61A /* Main */,
				E48FFE311DF904F2009AA61A /* Preview */,
			);
			path = Sections;
			sourceTree = "<group>";
		};
		E48FFE2F1DF904F2009AA61A /* Main */ = {
			isa = PBXGroup;
			children = (
				E47A670D1E1C9CE2009F4BDE /* Entity */,
				E48FFE351DF9058B009AA61A /* Interactor */,
				E48FFE381DF9058B009AA61A /* ViewController */,
			);
			path = Main;
			sourceTree = "<group>";
		};
		E48FFE311DF904F2009AA61A /* Preview */ = {
			isa = PBXGroup;
			children = (
				E48FFE321DF90580009AA61A /* M80ImageViewController.h */,
				E48FFE331DF90580009AA61A /* M80ImageViewController.m */,
			);
			path = Preview;
			sourceTree = "<group>";
		};
		E48FFE351DF9058B009AA61A /* Interactor */ = {
			isa = PBXGroup;
			children = (
				E48FFE361DF9058B009AA61A /* M80RecentImageFinder.h */,
				E48FFE371DF9058B009AA61A /* M80RecentImageFinder.m */,
				E48FFE3D1DF905A8009AA61A /* M80MainInteractor.h */,
				E48FFE3E1DF905A8009AA61A /* M80MainInteractor.m */,
			);
			path = Interactor;
			sourceTree = "<group>";
		};
		E48FFE381DF9058B009AA61A /* ViewController */ = {
			isa = PBXGroup;
			children = (
				E48FFE391DF9058B009AA61A /* ViewController.h */,
				E48FFE3A1DF9058B009AA61A /* ViewController.m */,
			);
			path = ViewController;
			sourceTree = "<group>";
		};
		E4D9C3691DC7239F004E7452 /* Vendor */ = {
			isa = PBXGroup;
			children = (
				E4D9C36A1DC7239F004E7452 /* CTAssetsPickerController */,
			);
			path = Vendor;
			sourceTree = "<group>";
		};
		E4D9C36A1DC7239F004E7452 /* CTAssetsPickerController */ = {
			isa = PBXGroup;
			children = (
				E4D9C36B1DC7239F004E7452 /* Categories */,
				E4D9C37E1DC7239F004E7452 /* CTAssetCheckmark.h */,
				E4D9C37F1DC7239F004E7452 /* CTAssetCheckmark.m */,
				E4D9C3801DC7239F004E7452 /* CTAssetCollectionViewCell.h */,
				E4D9C3811DC7239F004E7452 /* CTAssetCollectionViewCell.m */,
				E4D9C3821DC7239F004E7452 /* CTAssetCollectionViewController.h */,
				E4D9C3831DC7239F004E7452 /* CTAssetCollectionViewController.m */,
				E4D9C3841DC7239F004E7452 /* CTAssetItemViewController.h */,
				E4D9C3851DC7239F004E7452 /* CTAssetItemViewController.m */,
				E4D9C3861DC7239F004E7452 /* CTAssetPlayButton.h */,
				E4D9C3871DC7239F004E7452 /* CTAssetPlayButton.m */,
				E4D9C3881DC7239F004E7452 /* CTAssetScrollView.h */,
				E4D9C3891DC7239F004E7452 /* CTAssetScrollView.m */,
				E4D9C38A1DC7239F004E7452 /* CTAssetSelectionButton.h */,
				E4D9C38B1DC7239F004E7452 /* CTAssetSelectionButton.m */,
				E4D9C38C1DC7239F004E7452 /* CTAssetSelectionLabel.h */,
				E4D9C38D1DC7239F004E7452 /* CTAssetSelectionLabel.m */,
				E4D9C38E1DC7239F004E7452 /* CTAssetsGridSelectedView.h */,
				E4D9C38F1DC7239F004E7452 /* CTAssetsGridSelectedView.m */,
				E4D9C3901DC7239F004E7452 /* CTAssetsGridView.h */,
				E4D9C3911DC7239F004E7452 /* CTAssetsGridView.m */,
				E4D9C3921DC7239F004E7452 /* CTAssetsGridViewCell.h */,
				E4D9C3931DC7239F004E7452 /* CTAssetsGridViewCell.m */,
				E4D9C3941DC7239F004E7452 /* CTAssetsGridViewController.h */,
				E4D9C3951DC7239F004E7452 /* CTAssetsGridViewController.m */,
				E4D9C3961DC7239F004E7452 /* CTAssetsGridViewFooter.h */,
				E4D9C3971DC7239F004E7452 /* CTAssetsGridViewFooter.m */,
				E4D9C3981DC7239F004E7452 /* CTAssetsGridViewLayout.h */,
				E4D9C3991DC7239F004E7452 /* CTAssetsGridViewLayout.m */,
				E4D9C39A1DC7239F004E7452 /* CTAssetsNavigationController.h */,
				E4D9C39B1DC7239F004E7452 /* CTAssetsNavigationController.m */,
				E4D9C39C1DC7239F004E7452 /* CTAssetsPageView.h */,
				E4D9C39D1DC7239F004E7452 /* CTAssetsPageView.m */,
				E4D9C39E1DC7239F004E7452 /* CTAssetsPageViewController.h */,
				E4D9C39F1DC7239F004E7452 /* CTAssetsPageViewController.m */,
				E4D9C3A01DC7239F004E7452 /* CTAssetsPickerAccessDeniedView.h */,
				E4D9C3A11DC7239F004E7452 /* CTAssetsPickerAccessDeniedView.m */,
				E4D9C3A21DC7239F004E7452 /* CTAssetsPickerController.bundle */,
				E4D9C3A31DC7239F004E7452 /* CTAssetsPickerController.h */,
				E4D9C3A41DC7239F004E7452 /* CTAssetsPickerController.m */,
				E4D9C3A51DC7239F004E7452 /* CTAssetsPickerDefines.h */,
				E4D9C3A61DC7239F004E7452 /* CTAssetsPickerNoAssetsView.h */,
				E4D9C3A71DC7239F004E7452 /* CTAssetsPickerNoAssetsView.m */,
				E4D9C3A81DC7239F004E7452 /* CTAssetsViewControllerTransition.h */,
				E4D9C3A91DC7239F004E7452 /* CTAssetsViewControllerTransition.m */,
				E4D9C3AA1DC7239F004E7452 /* CTAssetThumbnailOverlay.h */,
				E4D9C3AB1DC7239F004E7452 /* CTAssetThumbnailOverlay.m */,
				E4D9C3AC1DC7239F004E7452 /* CTAssetThumbnailStacks.h */,
				E4D9C3AD1DC7239F004E7452 /* CTAssetThumbnailStacks.m */,
				E4D9C3AE1DC7239F004E7452 /* CTAssetThumbnailView.h */,
				E4D9C3AF1DC7239F004E7452 /* CTAssetThumbnailView.m */,
			);
			path = CTAssetsPickerController;
			sourceTree = "<group>";
		};
		E4D9C36B1DC7239F004E7452 /* Categories */ = {
			isa = PBXGroup;
			children = (
				E4D9C36C1DC7239F004E7452 /* CTAssetsPageViewController+Internal.h */,
				E4D9C36D1DC7239F004E7452 /* CTAssetsPickerController+Internal.h */,
				E4D9C36E1DC7239F004E7452 /* NSBundle+CTAssetsPickerController.h */,
				E4D9C36F1DC7239F004E7452 /* NSBundle+CTAssetsPickerController.m */,
				E4D9C3701DC7239F004E7452 /* NSDateFormatter+CTAssetsPickerController.h */,
				E4D9C3711DC7239F004E7452 /* NSDateFormatter+CTAssetsPickerController.m */,
				E4D9C3721DC7239F004E7452 /* NSIndexSet+CTAssetsPickerController.h */,
				E4D9C3731DC7239F004E7452 /* NSIndexSet+CTAssetsPickerController.m */,
				E4D9C3741DC7239F004E7452 /* NSNumberFormatter+CTAssetsPickerController.h */,
				E4D9C3751DC7239F004E7452 /* NSNumberFormatter+CTAssetsPickerController.m */,
				E4D9C3761DC7239F004E7452 /* PHAsset+CTAssetsPickerController.h */,
				E4D9C3771DC7239F004E7452 /* PHAsset+CTAssetsPickerController.m */,
				E4D9C3781DC7239F004E7452 /* PHAssetCollection+CTAssetsPickerController.h */,
				E4D9C3791DC7239F004E7452 /* PHAssetCollection+CTAssetsPickerController.m */,
				E4D9C37A1DC7239F004E7452 /* UICollectionView+CTAssetsPickerController.h */,
				E4D9C37B1DC7239F004E7452 /* UICollectionView+CTAssetsPickerController.m */,
				E4D9C37C1DC7239F004E7452 /* UIImage+CTAssetsPickerController.h */,
				E4D9C37D1DC7239F004E7452 /* UIImage+CTAssetsPickerController.m */,
			);
			path = Categories;
			sourceTree = "<group>";
		};
		F99E391C4AE4E7DDCEFE38AC /* Pods */ = {
			isa = PBXGroup;
			children = (
				414EF75E954CCD25DEDAA5B5 /* Pods-M80ImageMerger.debug.xcconfig */,
				B0D108C5A7CA2D9971D7C086 /* Pods-M80ImageMerger.release.xcconfig */,
				7847E6243D2B9D02BCF6D321 /* Pods-M80WebViewSaver.debug.xcconfig */,
				217C5321FAFEABD39CBCC97D /* Pods-M80WebViewSaver.release.xcconfig */,
			);
			name = Pods;
			sourceTree = "<group>";
		};
/* End PBXGroup section */

/* Begin PBXNativeTarget section */
		E412AD991C07F773004CC10B /* M80ImageMerger */ = {
			isa = PBXNativeTarget;
			buildConfigurationList = E412ADB11C07F773004CC10B /* Build configuration list for PBXNativeTarget "M80ImageMerger" */;
			buildPhases = (
				C927D584E1C93896DE7EA91F /* [CP] Check Pods Manifest.lock */,
				E412AD961C07F773004CC10B /* Sources */,
				E412AD971C07F773004CC10B /* Frameworks */,
				E412AD981C07F773004CC10B /* Resources */,
				C873E98114D55C5DA95247CC /* [CP] Embed Pods Frameworks */,
				74FDD75D3835FAF36C267850 /* [CP] Copy Pods Resources */,
				E488F90B1EA5FA0800510FD9 /* Embed App Extensions */,
			);
			buildRules = (
			);
			dependencies = (
				E488F9061EA5FA0800510FD9 /* PBXTargetDependency */,
			);
			name = M80ImageMerger;
			productName = M80ImageMerger;
			productReference = E412AD9A1C07F773004CC10B /* M80ImageMerger.app */;
			productType = "com.apple.product-type.application";
		};
		E488F8FB1EA5FA0800510FD9 /* M80WebViewSaver */ = {
			isa = PBXNativeTarget;
			buildConfigurationList = E488F90A1EA5FA0800510FD9 /* Build configuration list for PBXNativeTarget "M80WebViewSaver" */;
			buildPhases = (
				3CC5C5172467CFACB18457E3 /* [CP] Check Pods Manifest.lock */,
				E488F8F81EA5FA0800510FD9 /* Sources */,
				E488F8F91EA5FA0800510FD9 /* Frameworks */,
				E488F8FA1EA5FA0800510FD9 /* Resources */,
				C664302B211E13CEFC3123E1 /* [CP] Copy Pods Resources */,
			);
			buildRules = (
			);
			dependencies = (
			);
			name = M80WebViewSaver;
			productName = M80WebViewSaver;
			productReference = E488F8FC1EA5FA0800510FD9 /* M80WebViewSaver.appex */;
			productType = "com.apple.product-type.app-extension";
		};
/* End PBXNativeTarget section */

/* Begin PBXProject section */
		E412AD921C07F773004CC10B /* Project object */ = {
			isa = PBXProject;
			attributes = {
				CLASSPREFIX = M80;
				LastUpgradeCheck = 0800;
				ORGANIZATIONNAME = M80;
				TargetAttributes = {
					E412AD991C07F773004CC10B = {
						CreatedOnToolsVersion = 7.1.1;
						DevelopmentTeam = F79NZ79TVZ;
					};
					E488F8FB1EA5FA0800510FD9 = {
						CreatedOnToolsVersion = 8.3.1;
						DevelopmentTeam = F79NZ79TVZ;
						ProvisioningStyle = Automatic;
					};
				};
			};
			buildConfigurationList = E412AD951C07F773004CC10B /* Build configuration list for PBXProject "M80ImageMerger" */;
			compatibilityVersion = "Xcode 3.2";
			developmentRegion = English;
			hasScannedForEncodings = 0;
			knownRegions = (
				en,
				da,
				de,
				fi,
				fr,
				he,
				"hi-IN",
				hu,
				id,
				it,
				ja,
				ko,
				nl,
				"pt-PT",
				pt,
				"zh-Hans",
				"zh-Hant",
				Base,
			);
			mainGroup = E412AD911C07F773004CC10B;
			productRefGroup = E412AD9B1C07F773004CC10B /* Products */;
			projectDirPath = "";
			projectRoot = "";
			targets = (
				E412AD991C07F773004CC10B /* M80ImageMerger */,
				E488F8FB1EA5FA0800510FD9 /* M80WebViewSaver */,
			);
		};
/* End PBXProject section */

/* Begin PBXResourcesBuildPhase section */
		E412AD981C07F773004CC10B /* Resources */ = {
			isa = PBXResourcesBuildPhase;
			buildActionMask = 2147483647;
			files = (
				E49998611EA73A350005CFC1 /* LaunchScreen.storyboard in Resources */,
				E412ADAA1C07F773004CC10B /* Assets.xcassets in Resources */,
				E4D9C3E41DC7239F004E7452 /* CTAssetsPickerController.bundle in Resources */,
				E49998621EA73A350005CFC1 /* Main.storyboard in Resources */,
			);
			runOnlyForDeploymentPostprocessing = 0;
		};
		E488F8FA1EA5FA0800510FD9 /* Resources */ = {
			isa = PBXResourcesBuildPhase;
			buildActionMask = 2147483647;
			files = (
				E49998651EA73ED60005CFC1 /* MainInterface.storyboard in Resources */,
			);
			runOnlyForDeploymentPostprocessing = 0;
		};
/* End PBXResourcesBuildPhase section */

/* Begin PBXShellScriptBuildPhase section */
		3CC5C5172467CFACB18457E3 /* [CP] Check Pods Manifest.lock */ = {
			isa = PBXShellScriptBuildPhase;
			buildActionMask = 2147483647;
			files = (
			);
			inputPaths = (
			);
			name = "[CP] Check Pods Manifest.lock";
			outputPaths = (
			);
			runOnlyForDeploymentPostprocessing = 0;
			shellPath = /bin/sh;
			shellScript = "diff \"${PODS_PODFILE_DIR_PATH}/Podfile.lock\" \"${PODS_ROOT}/Manifest.lock\" > /dev/null\nif [ $? != 0 ] ; then\n    # print error to STDERR\n    echo \"error: The sandbox is not in sync with the Podfile.lock. Run 'pod install' or update your CocoaPods installation.\" >&2\n    exit 1\nfi\n";
			showEnvVarsInLog = 0;
		};
		74FDD75D3835FAF36C267850 /* [CP] Copy Pods Resources */ = {
			isa = PBXShellScriptBuildPhase;
			buildActionMask = 2147483647;
			files = (
			);
			inputPaths = (
			);
			name = "[CP] Copy Pods Resources";
			outputPaths = (
			);
			runOnlyForDeploymentPostprocessing = 0;
			shellPath = /bin/sh;
			shellScript = "\"${SRCROOT}/Pods/Target Support Files/Pods-M80ImageMerger/Pods-M80ImageMerger-resources.sh\"\n";
			showEnvVarsInLog = 0;
		};
		C664302B211E13CEFC3123E1 /* [CP] Copy Pods Resources */ = {
			isa = PBXShellScriptBuildPhase;
			buildActionMask = 2147483647;
			files = (
			);
			inputPaths = (
			);
			name = "[CP] Copy Pods Resources";
			outputPaths = (
			);
			runOnlyForDeploymentPostprocessing = 0;
			shellPath = /bin/sh;
			shellScript = "\"${SRCROOT}/Pods/Target Support Files/Pods-M80WebViewSaver/Pods-M80WebViewSaver-resources.sh\"\n";
			showEnvVarsInLog = 0;
		};
		C873E98114D55C5DA95247CC /* [CP] Embed Pods Frameworks */ = {
			isa = PBXShellScriptBuildPhase;
			buildActionMask = 2147483647;
			files = (
			);
			inputPaths = (
			);
			name = "[CP] Embed Pods Frameworks";
			outputPaths = (
			);
			runOnlyForDeploymentPostprocessing = 0;
			shellPath = /bin/sh;
			shellScript = "\"${SRCROOT}/Pods/Target Support Files/Pods-M80ImageMerger/Pods-M80ImageMerger-frameworks.sh\"\n";
			showEnvVarsInLog = 0;
		};
		C927D584E1C93896DE7EA91F /* [CP] Check Pods Manifest.lock */ = {
			isa = PBXShellScriptBuildPhase;
			buildActionMask = 2147483647;
			files = (
			);
			inputPaths = (
			);
			name = "[CP] Check Pods Manifest.lock";
			outputPaths = (
			);
			runOnlyForDeploymentPostprocessing = 0;
			shellPath = /bin/sh;
			shellScript = "diff \"${PODS_PODFILE_DIR_PATH}/Podfile.lock\" \"${PODS_ROOT}/Manifest.lock\" > /dev/null\nif [ $? != 0 ] ; then\n    # print error to STDERR\n    echo \"error: The sandbox is not in sync with the Podfile.lock. Run 'pod install' or update your CocoaPods installation.\" >&2\n    exit 1\nfi\n";
			showEnvVarsInLog = 0;
		};
/* End PBXShellScriptBuildPhase section */

/* Begin PBXSourcesBuildPhase section */
		E412AD961C07F773004CC10B /* Sources */ = {
			isa = PBXSourcesBuildPhase;
			buildActionMask = 2147483647;
			files = (
				E48FFE3C1DF9058B009AA61A /* ViewController.m in Sources */,
				E4D9C3E81DC7239F004E7452 /* CTAssetThumbnailOverlay.m in Sources */,
				E47A67101E1C9D19009F4BDE /* M80MergeResult.m in Sources */,
				E4D9C3D91DC7239F004E7452 /* CTAssetSelectionLabel.m in Sources */,
				E48FFE3B1DF9058B009AA61A /* M80RecentImageFinder.m in Sources */,
				E4D9C3E21DC7239F004E7452 /* CTAssetsPageViewController.m in Sources */,
				E4D9C3E11DC7239F004E7452 /* CTAssetsPageView.m in Sources */,
				E4D9C3DB1DC7239F004E7452 /* CTAssetsGridView.m in Sources */,
				E4D9C3CB1DC7239F004E7452 /* NSDateFormatter+CTAssetsPickerController.m in Sources */,
				E4D9C3E31DC7239F004E7452 /* CTAssetsPickerAccessDeniedView.m in Sources */,
				E4D9C3CF1DC7239F004E7452 /* PHAssetCollection+CTAssetsPickerController.m in Sources */,
				E4D9C3D51DC7239F004E7452 /* CTAssetItemViewController.m in Sources */,
				E4D9C3DF1DC7239F004E7452 /* CTAssetsGridViewLayout.m in Sources */,
				E4D9C3DE1DC7239F004E7452 /* CTAssetsGridViewFooter.m in Sources */,
				E4D9C3D01DC7239F004E7452 /* UICollectionView+CTAssetsPickerController.m in Sources */,
				E4D9C3D31DC7239F004E7452 /* CTAssetCollectionViewCell.m in Sources */,
				E412ADC51C08015D004CC10B /* M80ImageGenerator.m in Sources */,
				E4D9C3EA1DC7239F004E7452 /* CTAssetThumbnailView.m in Sources */,
				E48FFE341DF90580009AA61A /* M80ImageViewController.m in Sources */,
				E4D9C3CA1DC7239F004E7452 /* NSBundle+CTAssetsPickerController.m in Sources */,
				E4D9C3CE1DC7239F004E7452 /* PHAsset+CTAssetsPickerController.m in Sources */,
				E4D9C3CC1DC7239F004E7452 /* NSIndexSet+CTAssetsPickerController.m in Sources */,
				E4D9C3DA1DC7239F004E7452 /* CTAssetsGridSelectedView.m in Sources */,
				E4D9C3DD1DC7239F004E7452 /* CTAssetsGridViewController.m in Sources */,
				E4D9C3CD1DC7239F004E7452 /* NSNumberFormatter+CTAssetsPickerController.m in Sources */,
				E4D9C3D21DC7239F004E7452 /* CTAssetCheckmark.m in Sources */,
				E40F20101DC87D770063F4DC /* M80ImageMergeInfo.m in Sources */,
				E4D9C3E51DC7239F004E7452 /* CTAssetsPickerController.m in Sources */,
				E412ADC41C08015D004CC10B /* M80ImageFingerprint.m in Sources */,
				E4D9C3D11DC7239F004E7452 /* UIImage+CTAssetsPickerController.m in Sources */,
				E412ADA21C07F773004CC10B /* AppDelegate.m in Sources */,
				E4D9C3D71DC7239F004E7452 /* CTAssetScrollView.m in Sources */,
				E48FFE3F1DF905A8009AA61A /* M80MainInteractor.m in Sources */,
				E4D9C3E71DC7239F004E7452 /* CTAssetsViewControllerTransition.m in Sources */,
				E4D9C3E01DC7239F004E7452 /* CTAssetsNavigationController.m in Sources */,
				E4D9C3E91DC7239F004E7452 /* CTAssetThumbnailStacks.m in Sources */,
				E4D9C3D61DC7239F004E7452 /* CTAssetPlayButton.m in Sources */,
				E4D9C3E61DC7239F004E7452 /* CTAssetsPickerNoAssetsView.m in Sources */,
				E4D9C3D81DC7239F004E7452 /* CTAssetSelectionButton.m in Sources */,
				E4D9C3DC1DC7239F004E7452 /* CTAssetsGridViewCell.m in Sources */,
				E412AD9F1C07F773004CC10B /* main.m in Sources */,
				E4D9C3D41DC7239F004E7452 /* CTAssetCollectionViewController.m in Sources */,
				E412ADBD1C080144004CC10B /* UIImage+M80.m in Sources */,
			);
			runOnlyForDeploymentPostprocessing = 0;
		};
		E488F8F81EA5FA0800510FD9 /* Sources */ = {
			isa = PBXSourcesBuildPhase;
			buildActionMask = 2147483647;
			files = (
				E488F9001EA5FA0800510FD9 /* ActionViewController.m in Sources */,
			);
			runOnlyForDeploymentPostprocessing = 0;
		};
/* End PBXSourcesBuildPhase section */

/* Begin PBXTargetDependency section */
		E488F9061EA5FA0800510FD9 /* PBXTargetDependency */ = {
			isa = PBXTargetDependency;
			target = E488F8FB1EA5FA0800510FD9 /* M80WebViewSaver */;
			targetProxy = E488F9051EA5FA0800510FD9 /* PBXContainerItemProxy */;
		};
/* End PBXTargetDependency section */

/* Begin PBXVariantGroup section */
		E499985D1EA73A350005CFC1 /* LaunchScreen.storyboard */ = {
			isa = PBXVariantGroup;
			children = (
				E499985E1EA73A350005CFC1 /* Base */,
			);
			name = LaunchScreen.storyboard;
			sourceTree = "<group>";
		};
		E499985F1EA73A350005CFC1 /* Main.storyboard */ = {
			isa = PBXVariantGroup;
			children = (
				E49998601EA73A350005CFC1 /* Base */,
			);
			name = Main.storyboard;
			sourceTree = "<group>";
		};
		E49998631EA73ED60005CFC1 /* MainInterface.storyboard */ = {
			isa = PBXVariantGroup;
			children = (
				E49998641EA73ED60005CFC1 /* Base */,
			);
			name = MainInterface.storyboard;
			sourceTree = "<group>";
		};
/* End PBXVariantGroup section */

/* Begin XCBuildConfiguration section */
		E412ADAF1C07F773004CC10B /* Debug */ = {
			isa = XCBuildConfiguration;
			buildSettings = {
				ALWAYS_SEARCH_USER_PATHS = NO;
				CLANG_ANALYZER_LOCALIZABILITY_NONLOCALIZED = YES;
				CLANG_CXX_LANGUAGE_STANDARD = "gnu++0x";
				CLANG_CXX_LIBRARY = "libc++";
				CLANG_ENABLE_MODULES = YES;
				CLANG_ENABLE_OBJC_ARC = YES;
				CLANG_WARN_BOOL_CONVERSION = YES;
				CLANG_WARN_CONSTANT_CONVERSION = YES;
				CLANG_WARN_DIRECT_OBJC_ISA_USAGE = YES_ERROR;
				CLANG_WARN_EMPTY_BODY = YES;
				CLANG_WARN_ENUM_CONVERSION = YES;
				CLANG_WARN_INFINITE_RECURSION = YES;
				CLANG_WARN_INT_CONVERSION = YES;
				CLANG_WARN_OBJC_ROOT_CLASS = YES_ERROR;
				CLANG_WARN_SUSPICIOUS_MOVE = YES;
				CLANG_WARN_UNREACHABLE_CODE = YES;
				CLANG_WARN__DUPLICATE_METHOD_MATCH = YES;
				"CODE_SIGN_IDENTITY[sdk=iphoneos*]" = "iPhone Developer";
				COPY_PHASE_STRIP = NO;
				DEBUG_INFORMATION_FORMAT = dwarf;
				ENABLE_STRICT_OBJC_MSGSEND = YES;
				ENABLE_TESTABILITY = YES;
				GCC_C_LANGUAGE_STANDARD = gnu99;
				GCC_DYNAMIC_NO_PIC = NO;
				GCC_NO_COMMON_BLOCKS = YES;
				GCC_OPTIMIZATION_LEVEL = 0;
				GCC_PREPROCESSOR_DEFINITIONS = (
					"DEBUG=1",
					"$(inherited)",
				);
				GCC_WARN_64_TO_32_BIT_CONVERSION = YES;
				GCC_WARN_ABOUT_RETURN_TYPE = YES_ERROR;
				GCC_WARN_UNDECLARED_SELECTOR = YES;
				GCC_WARN_UNINITIALIZED_AUTOS = YES_AGGRESSIVE;
				GCC_WARN_UNUSED_FUNCTION = YES;
				GCC_WARN_UNUSED_VARIABLE = YES;
				IPHONEOS_DEPLOYMENT_TARGET = 8.0;
				MTL_ENABLE_DEBUG_INFO = YES;
				ONLY_ACTIVE_ARCH = YES;
				SDKROOT = iphoneos;
			};
			name = Debug;
		};
		E412ADB01C07F773004CC10B /* Release */ = {
			isa = XCBuildConfiguration;
			buildSettings = {
				ALWAYS_SEARCH_USER_PATHS = NO;
				CLANG_ANALYZER_LOCALIZABILITY_NONLOCALIZED = YES;
				CLANG_CXX_LANGUAGE_STANDARD = "gnu++0x";
				CLANG_CXX_LIBRARY = "libc++";
				CLANG_ENABLE_MODULES = YES;
				CLANG_ENABLE_OBJC_ARC = YES;
				CLANG_WARN_BOOL_CONVERSION = YES;
				CLANG_WARN_CONSTANT_CONVERSION = YES;
				CLANG_WARN_DIRECT_OBJC_ISA_USAGE = YES_ERROR;
				CLANG_WARN_EMPTY_BODY = YES;
				CLANG_WARN_ENUM_CONVERSION = YES;
				CLANG_WARN_INFINITE_RECURSION = YES;
				CLANG_WARN_INT_CONVERSION = YES;
				CLANG_WARN_OBJC_ROOT_CLASS = YES_ERROR;
				CLANG_WARN_SUSPICIOUS_MOVE = YES;
				CLANG_WARN_UNREACHABLE_CODE = YES;
				CLANG_WARN__DUPLICATE_METHOD_MATCH = YES;
				"CODE_SIGN_IDENTITY[sdk=iphoneos*]" = "iPhone Developer";
				COPY_PHASE_STRIP = NO;
				DEBUG_INFORMATION_FORMAT = "dwarf-with-dsym";
				ENABLE_NS_ASSERTIONS = NO;
				ENABLE_STRICT_OBJC_MSGSEND = YES;
				GCC_C_LANGUAGE_STANDARD = gnu99;
				GCC_NO_COMMON_BLOCKS = YES;
				GCC_WARN_64_TO_32_BIT_CONVERSION = YES;
				GCC_WARN_ABOUT_RETURN_TYPE = YES_ERROR;
				GCC_WARN_UNDECLARED_SELECTOR = YES;
				GCC_WARN_UNINITIALIZED_AUTOS = YES_AGGRESSIVE;
				GCC_WARN_UNUSED_FUNCTION = YES;
				GCC_WARN_UNUSED_VARIABLE = YES;
				IPHONEOS_DEPLOYMENT_TARGET = 8.0;
				MTL_ENABLE_DEBUG_INFO = NO;
				SDKROOT = iphoneos;
				VALIDATE_PRODUCT = YES;
			};
			name = Release;
		};
		E412ADB21C07F773004CC10B /* Debug */ = {
			isa = XCBuildConfiguration;
			baseConfigurationReference = 414EF75E954CCD25DEDAA5B5 /* Pods-M80ImageMerger.debug.xcconfig */;
			buildSettings = {
				ASSETCATALOG_COMPILER_APPICON_NAME = AppIcon;
				CODE_SIGN_IDENTITY = "iPhone Developer";
				"CODE_SIGN_IDENTITY[sdk=iphoneos*]" = "iPhone Developer";
				DEVELOPMENT_TEAM = F79NZ79TVZ;
				INFOPLIST_FILE = M80ImageMerger/Info.plist;
				LD_RUNPATH_SEARCH_PATHS = "$(inherited) @executable_path/Frameworks";
				OTHER_CODE_SIGN_FLAGS = "";
				PRODUCT_BUNDLE_IDENTIFIER = www.xiangwangfeng.com.centaur;
				PRODUCT_NAME = "$(TARGET_NAME)";
				PROVISIONING_PROFILE = "";
			};
			name = Debug;
		};
		E412ADB31C07F773004CC10B /* Release */ = {
			isa = XCBuildConfiguration;
			baseConfigurationReference = B0D108C5A7CA2D9971D7C086 /* Pods-M80ImageMerger.release.xcconfig */;
			buildSettings = {
				ASSETCATALOG_COMPILER_APPICON_NAME = AppIcon;
				CODE_SIGN_IDENTITY = "iPhone Developer";
				"CODE_SIGN_IDENTITY[sdk=iphoneos*]" = "iPhone Developer";
				DEVELOPMENT_TEAM = F79NZ79TVZ;
				INFOPLIST_FILE = M80ImageMerger/Info.plist;
				LD_RUNPATH_SEARCH_PATHS = "$(inherited) @executable_path/Frameworks";
				OTHER_CODE_SIGN_FLAGS = "";
				PRODUCT_BUNDLE_IDENTIFIER = www.xiangwangfeng.com.centaur;
				PRODUCT_NAME = "$(TARGET_NAME)";
				PROVISIONING_PROFILE = "";
			};
			name = Release;
		};
		E488F9081EA5FA0800510FD9 /* Debug */ = {
			isa = XCBuildConfiguration;
			baseConfigurationReference = 7847E6243D2B9D02BCF6D321 /* Pods-M80WebViewSaver.debug.xcconfig */;
			buildSettings = {
				CLANG_ANALYZER_NONNULL = YES;
				CLANG_ANALYZER_NUMBER_OBJECT_CONVERSION = YES_AGGRESSIVE;
				CLANG_WARN_DOCUMENTATION_COMMENTS = YES;
				CODE_SIGN_IDENTITY = "iPhone Developer";
				"CODE_SIGN_IDENTITY[sdk=iphoneos*]" = "iPhone Developer";
				DEVELOPMENT_TEAM = F79NZ79TVZ;
				GCC_PREPROCESSOR_DEFINITIONS = (
					"$(inherited)",
					"COCOAPODS=1",
				);
				INFOPLIST_FILE = M80WebViewSaver/Info.plist;
				IPHONEOS_DEPLOYMENT_TARGET = 8.0;
				LD_RUNPATH_SEARCH_PATHS = "$(inherited) @executable_path/Frameworks @executable_path/../../Frameworks";
				PRODUCT_BUNDLE_IDENTIFIER = www.xiangwangfeng.com.centaur.M80WebViewSaver;
				PRODUCT_NAME = "$(TARGET_NAME)";
				SKIP_INSTALL = YES;
			};
			name = Debug;
		};
		E488F9091EA5FA0800510FD9 /* Release */ = {
			isa = XCBuildConfiguration;
			baseConfigurationReference = 217C5321FAFEABD39CBCC97D /* Pods-M80WebViewSaver.release.xcconfig */;
			buildSettings = {
				CLANG_ANALYZER_NONNULL = YES;
				CLANG_ANALYZER_NUMBER_OBJECT_CONVERSION = YES_AGGRESSIVE;
				CLANG_WARN_DOCUMENTATION_COMMENTS = YES;
				CODE_SIGN_IDENTITY = "iPhone Developer";
				"CODE_SIGN_IDENTITY[sdk=iphoneos*]" = "iPhone Developer";
				DEVELOPMENT_TEAM = F79NZ79TVZ;
				GCC_PREPROCESSOR_DEFINITIONS = (
					"$(inherited)",
					"COCOAPODS=1",
				);
				INFOPLIST_FILE = M80WebViewSaver/Info.plist;
				IPHONEOS_DEPLOYMENT_TARGET = 8.0;
				LD_RUNPATH_SEARCH_PATHS = "$(inherited) @executable_path/Frameworks @executable_path/../../Frameworks";
				PRODUCT_BUNDLE_IDENTIFIER = www.xiangwangfeng.com.centaur.M80WebViewSaver;
				PRODUCT_NAME = "$(TARGET_NAME)";
				SKIP_INSTALL = YES;
			};
			name = Release;
		};
/* End XCBuildConfiguration section */

/* Begin XCConfigurationList section */
		E412AD951C07F773004CC10B /* Build configuration list for PBXProject "M80ImageMerger" */ = {
			isa = XCConfigurationList;
			buildConfigurations = (
				E412ADAF1C07F773004CC10B /* Debug */,
				E412ADB01C07F773004CC10B /* Release */,
			);
			defaultConfigurationIsVisible = 0;
			defaultConfigurationName = Release;
		};
		E412ADB11C07F773004CC10B /* Build configuration list for PBXNativeTarget "M80ImageMerger" */ = {
			isa = XCConfigurationList;
			buildConfigurations = (
				E412ADB21C07F773004CC10B /* Debug */,
				E412ADB31C07F773004CC10B /* Release */,
			);
			defaultConfigurationIsVisible = 0;
			defaultConfigurationName = Release;
		};
		E488F90A1EA5FA0800510FD9 /* Build configuration list for PBXNativeTarget "M80WebViewSaver" */ = {
			isa = XCConfigurationList;
			buildConfigurations = (
				E488F9081EA5FA0800510FD9 /* Debug */,
				E488F9091EA5FA0800510FD9 /* Release */,
			);
			defaultConfigurationIsVisible = 0;
			defaultConfigurationName = Release;
		};
/* End XCConfigurationList section */
	};
	rootObject = E412AD921C07F773004CC10B /* Project object */;
}
