PODS:
  - PureLayout (3.0.2)
  - SVProgressHUD (2.0.3)
  - Toast (3.0)

DEPENDENCIES:
  - PureLayout
  - SVProgressHUD
  - Toast

SPEC CHECKSUMS:
  PureLayout: 4d550abe49a94f24c2808b9b95db9131685fe4cd
  SVProgressHUD: b0830714205bea1317ea1a2ebc71e5633af334d4
  Toast: 32c59229abfcf41850162b83bb9259dc84372473

PODFILE CHECKSUM: 4cdbc4143f5401f7f0351756e40f749a0d14addc

COCOAPODS: 1.1.1
