PODS:
  - CTAssetsPickerController (3.2.1):
    - PureLayout (~> 3.0.0)
  - PureLayout (3.0.1)
  - SVProgressHUD (1.1.3)
  - Toast (3.0)

DEPENDENCIES:
  - CTAssetsPickerController
  - SVProgressHUD
  - Toast

SPEC CHECKSUMS:
  CTAssetsPickerController: 629e3c452efe92627b6386f572fc4e2f31533880
  PureLayout: f35f5384c9c4e4479df041dbe33ad7577b71ddfb
  SVProgressHUD: 748080e4f36e603f6c02aec292664239df5279c1
  Toast: 32c59229abfcf41850162b83bb9259dc84372473

COCOAPODS: 0.39.0
