PODS:
  - PureLayout (3.0.2)
  - SVProgressHUD (2.1.2)
  - Toast (3.1.0)

DEPENDENCIES:
  - PureLayout
  - SVProgressHUD
  - Toast

SPEC CHECKSUMS:
  PureLayout: 4d550abe49a94f24c2808b9b95db9131685fe4cd
  SVProgressHUD: c404a55d78acbeb7ebb78b76d3faf986475a6994
  Toast: 14a93686d6c8bfe2727afd342414e35660a8a1f3

PODFILE CHECKSUM: ea2e7b621b09fa7b06c8e2fecc0553cc3ebf131a

COCOAPODS: 1.2.1
